{
  "originHash" : "c044e7ddc753aaf75f009c53c8cdd784828f422fd576cd2f1c2fdbef331d8eaa",
  "pins" : [
    {
      "identity" : "rsyncarguments",
      "kind" : "remoteSourceControl",
      "location" : "https://github.com/rsyncOSX/RsyncArguments.git",
      "state" : {
        "branch" : "main",
        "revision" : "d11bad0a066f60d15b286013afc663b86edcddf3"
      }
    }
  ],
  "version" : 3
}
