{
  "originHash" : "c044e7ddc753aaf75f009c53c8cdd784828f422fd576cd2f1c2fdbef331d8eaa",
  "pins" : [
    {
      "identity" : "rsyncarguments",
      "kind" : "remoteSourceControl",
      "location" : "https://github.com/rsyncOSX/RsyncArguments.git",
      "state" : {
        "branch" : "main",
        "revision" : "6c4f8ddac640576ee86c53ed2daddbd3f92acfec"
      }
    }
  ],
  "version" : 3
}
