{
  "originHash" : "c044e7ddc753aaf75f009c53c8cdd784828f422fd576cd2f1c2fdbef331d8eaa",
  "pins" : [
    {
      "identity" : "rsyncarguments",
      "kind" : "remoteSourceControl",
      "location" : "https://github.com/rsyncOSX/RsyncArguments.git",
      "state" : {
        "branch" : "main",
        "revision" : "78d2fc7ebcdd8a08eb4b5350ec9d082ec1741da7"
      }
    }
  ],
  "version" : 3
}
